{
  "name": "public",
  "lockfileVersion": 2,
  "requires": true,
  "packages": {
    "": {
      "dependencies": {
        "vue-simple-search-dropdown": "^1.0.1"
      }
    },
    "node_modules/vue-simple-search-dropdown": {
      "version": "1.0.1",
      "resolved": "https://registry.npmjs.org/vue-simple-search-dropdown/-/vue-simple-search-dropdown-1.0.1.tgz",
      "integrity": "sha512-r3LuGFB3WqMDRILx+Z/Y2S9UTLqMh3Y0nv1Oly+tt8oEzvg77r0tfYLHVqQlhsmVPy0GmSuxMMbetMkDRLOEqg=="
    }
  },
  "dependencies": {
    "vue-simple-search-dropdown": {
      "version": "1.0.1",
      "resolved": "https://registry.npmjs.org/vue-simple-search-dropdown/-/vue-simple-search-dropdown-1.0.1.tgz",
      "integrity": "sha512-r3LuGFB3WqMDRILx+Z/Y2S9UTLqMh3Y0nv1Oly+tt8oEzvg77r0tfYLHVqQlhsmVPy0GmSuxMMbetMkDRLOEqg=="
    }
  }
}
